
Microsoft Visual Studio Solution File, Format Version 12.00
# Visual Studio 15
VisualStudioVersion = 15.0.27004.2010
MinimumVisualStudioVersion = 10.0.40219.1
Project("{FAE04EC0-301F-11D3-BF4B-00C04F79EFBC}") = "AdventOfCode2017.BL", "AdventOfCode2017.BL\AdventOfCode2017.BL.csproj", "{D0D642A7-2E4A-400C-8EE1-4312A207F81B}"
EndProject
Project("{FAE04EC0-301F-11D3-BF4B-00C04F79EFBC}") = "AdventOfCode2017.Test", "AdventOfCode2017.Test\AdventOfCode2017.Test.csproj", "{A93991AC-1EE9-4631-9249-1BF782F9598C}"
EndProject
Global
	GlobalSection(SolutionConfigurationPlatforms) = preSolution
		Debug|Any CPU = Debug|Any CPU
		Release|Any CPU = Release|Any CPU
	EndGlobalSection
	GlobalSection(ProjectConfigurationPlatforms) = postSolution
		{D0D642A7-2E4A-400C-8EE1-4312A207F81B}.Debug|Any CPU.ActiveCfg = Debug|Any CPU
		{D0D642A7-2E4A-400C-8EE1-4312A207F81B}.Debug|Any CPU.Build.0 = Debug|Any CPU
		{D0D642A7-2E4A-400C-8EE1-4312A207F81B}.Release|Any CPU.ActiveCfg = Release|Any CPU
		{D0D642A7-2E4A-400C-8EE1-4312A207F81B}.Release|Any CPU.Build.0 = Release|Any CPU
		{A93991AC-1EE9-4631-9249-1BF782F9598C}.Debug|Any CPU.ActiveCfg = Debug|Any CPU
		{A93991AC-1EE9-4631-9249-1BF782F9598C}.Debug|Any CPU.Build.0 = Debug|Any CPU
		{A93991AC-1EE9-4631-9249-1BF782F9598C}.Release|Any CPU.ActiveCfg = Release|Any CPU
		{A93991AC-1EE9-4631-9249-1BF782F9598C}.Release|Any CPU.Build.0 = Release|Any CPU
	EndGlobalSection
	GlobalSection(SolutionProperties) = preSolution
		HideSolutionNode = FALSE
	EndGlobalSection
	GlobalSection(ExtensibilityGlobals) = postSolution
		SolutionGuid = {EBB3C04D-BD63-4670-8690-322B9D7B4A33}
	EndGlobalSection
EndGlobal
